
Microsoft Visual Studio Solution File, Format Version 12.00
# Visual Studio Version 16
VisualStudioVersion = 16.0.31605.320
MinimumVisualStudioVersion = 10.0.40219.1
Project("{FAE04EC0-301F-11D3-BF4B-00C04F79EFBC}") = "Question3", "Question3\Question3.csproj", "{9FCE27EE-A189-4A2E-A716-0B056510FCF1}"
EndProject
Global
	GlobalSection(SolutionConfigurationPlatforms) = preSolution
		Debug|Any CPU = Debug|Any CPU
		Release|Any CPU = Release|Any CPU
	EndGlobalSection
	GlobalSection(ProjectConfigurationPlatforms) = postSolution
		{9FCE27EE-A189-4A2E-A716-0B056510FCF1}.Debug|Any CPU.ActiveCfg = Debug|Any CPU
		{9FCE27EE-A189-4A2E-A716-0B056510FCF1}.Debug|Any CPU.Build.0 = Debug|Any CPU
		{9FCE27EE-A189-4A2E-A716-0B056510FCF1}.Release|Any CPU.ActiveCfg = Release|Any CPU
		{9FCE27EE-A189-4A2E-A716-0B056510FCF1}.Release|Any CPU.Build.0 = Release|Any CPU
	EndGlobalSection
	GlobalSection(SolutionProperties) = preSolution
		HideSolutionNode = FALSE
	EndGlobalSection
	GlobalSection(ExtensibilityGlobals) = postSolution
		SolutionGuid = {DC13B070-C56F-4FF5-A45C-117B696BA723}
	EndGlobalSection
EndGlobal
