
Microsoft Visual Studio Solution File, Format Version 12.00
# Visual Studio Version 16
VisualStudioVersion = 16.0.31605.320
MinimumVisualStudioVersion = 10.0.40219.1
Project("{FAE04EC0-301F-11D3-BF4B-00C04F79EFBC}") = "Question4", "Question4\Question4.csproj", "{6FB8D2FB-70BF-47C5-9E74-79ED7E4A7072}"
EndProject
Global
	GlobalSection(SolutionConfigurationPlatforms) = preSolution
		Debug|Any CPU = Debug|Any CPU
		Release|Any CPU = Release|Any CPU
	EndGlobalSection
	GlobalSection(ProjectConfigurationPlatforms) = postSolution
		{6FB8D2FB-70BF-47C5-9E74-79ED7E4A7072}.Debug|Any CPU.ActiveCfg = Debug|Any CPU
		{6FB8D2FB-70BF-47C5-9E74-79ED7E4A7072}.Debug|Any CPU.Build.0 = Debug|Any CPU
		{6FB8D2FB-70BF-47C5-9E74-79ED7E4A7072}.Release|Any CPU.ActiveCfg = Release|Any CPU
		{6FB8D2FB-70BF-47C5-9E74-79ED7E4A7072}.Release|Any CPU.Build.0 = Release|Any CPU
	EndGlobalSection
	GlobalSection(SolutionProperties) = preSolution
		HideSolutionNode = FALSE
	EndGlobalSection
	GlobalSection(ExtensibilityGlobals) = postSolution
		SolutionGuid = {96B426C3-2BA6-4241-87F8-A3C27356D050}
	EndGlobalSection
EndGlobal
